
Microsoft Visual Studio Solution File, Format Version 12.00
# Visual Studio Version 16
VisualStudioVersion = 16.0.32802.440
MinimumVisualStudioVersion = 10.0.40219.1
Project("{FAE04EC0-301F-11D3-BF4B-00C04F79EFBC}") = "CollectionPractice", "CollectionPractice\CollectionPractice.csproj", "{335C2877-90A0-466E-A3BA-78493337B695}"
EndProject
Global
	GlobalSection(SolutionConfigurationPlatforms) = preSolution
		Debug|Any CPU = Debug|Any CPU
		Release|Any CPU = Release|Any CPU
	EndGlobalSection
	GlobalSection(ProjectConfigurationPlatforms) = postSolution
		{335C2877-90A0-466E-A3BA-78493337B695}.Debug|Any CPU.ActiveCfg = Debug|Any CPU
		{335C2877-90A0-466E-A3BA-78493337B695}.Debug|Any CPU.Build.0 = Debug|Any CPU
		{335C2877-90A0-466E-A3BA-78493337B695}.Release|Any CPU.ActiveCfg = Release|Any CPU
		{335C2877-90A0-466E-A3BA-78493337B695}.Release|Any CPU.Build.0 = Release|Any CPU
	EndGlobalSection
	GlobalSection(SolutionProperties) = preSolution
		HideSolutionNode = FALSE
	EndGlobalSection
	GlobalSection(ExtensibilityGlobals) = postSolution
		SolutionGuid = {2197A84F-7A3A-4CA1-A10A-F9F10D6622F1}
	EndGlobalSection
EndGlobal
