
Microsoft Visual Studio Solution File, Format Version 12.00
# Visual Studio Version 16
VisualStudioVersion = 16.0.31025.194
MinimumVisualStudioVersion = 10.0.40219.1
Project("{FAE04EC0-301F-11D3-BF4B-00C04F79EFBC}") = "Primitive_Types", "Primitive_Types\Primitive_Types.csproj", "{AA17104B-913D-4595-B87D-F7CCE51EF5B7}"
EndProject
Global
	GlobalSection(SolutionConfigurationPlatforms) = preSolution
		Debug|Any CPU = Debug|Any CPU
		Release|Any CPU = Release|Any CPU
	EndGlobalSection
	GlobalSection(ProjectConfigurationPlatforms) = postSolution
		{AA17104B-913D-4595-B87D-F7CCE51EF5B7}.Debug|Any CPU.ActiveCfg = Debug|Any CPU
		{AA17104B-913D-4595-B87D-F7CCE51EF5B7}.Debug|Any CPU.Build.0 = Debug|Any CPU
		{AA17104B-913D-4595-B87D-F7CCE51EF5B7}.Release|Any CPU.ActiveCfg = Release|Any CPU
		{AA17104B-913D-4595-B87D-F7CCE51EF5B7}.Release|Any CPU.Build.0 = Release|Any CPU
	EndGlobalSection
	GlobalSection(SolutionProperties) = preSolution
		HideSolutionNode = FALSE
	EndGlobalSection
	GlobalSection(ExtensibilityGlobals) = postSolution
		SolutionGuid = {52A9FF99-1D27-4E0D-BDCF-F92CCAD3C60D}
	EndGlobalSection
EndGlobal
